
Microsoft Visual Studio Solution File, Format Version 12.00
# Visual Studio 15
VisualStudioVersion = 15.0.28307.852
MinimumVisualStudioVersion = 10.0.40219.1
Project("{D2ABAB84-BF74-430A-B69E-9DC6D40DDA17}") = "CarSales", "CarSales\CarSales.dwproj", "{6FADBCE0-254E-463C-87E9-A4889AC93091}"
EndProject
Global
	GlobalSection(SolutionConfigurationPlatforms) = preSolution
		Development|Default = Development|Default
	EndGlobalSection
	GlobalSection(ProjectConfigurationPlatforms) = postSolution
		{6FADBCE0-254E-463C-87E9-A4889AC93091}.Development|Default.ActiveCfg = Development
		{6FADBCE0-254E-463C-87E9-A4889AC93091}.Development|Default.Build.0 = Development
		{6FADBCE0-254E-463C-87E9-A4889AC93091}.Development|Default.Deploy.0 = Development
	EndGlobalSection
	GlobalSection(SolutionProperties) = preSolution
		HideSolutionNode = FALSE
	EndGlobalSection
	GlobalSection(ExtensibilityGlobals) = postSolution
		SolutionGuid = {B4F8CA7B-BFBC-4DC0-91FD-2D4781AD0BDB}
	EndGlobalSection
EndGlobal
